// !$*UTF8*$!
{
	archiveVersion = 1;
	classes = {
	};
	objectVersion = 56;
	objects = {

/* Begin PBXBuildFile section */
		13A16A7D04639640F405D2B9 /* Pods_Movie_Player.framework in Frameworks */ = {isa = PBXBuildFile; fileRef = F863C1052ABAAE41B0E8D37A /* Pods_Movie_Player.framework */; };
		60EBE61B24DDBF8CD8B8AB19 /* Pods_Movie_PlayerTests.framework in Frameworks */ = {isa = PBXBuildFile; fileRef = 7EDB4CD330B31C78B4F14EFD /* Pods_Movie_PlayerTests.framework */; };
		847DBED92BF944F000869E39 /* AppDelegate.swift in Sources */ = {isa = PBXBuildFile; fileRef = 847DBED82BF944F000869E39 /* AppDelegate.swift */; };
		847DBEDB2BF944F000869E39 /* SceneDelegate.swift in Sources */ = {isa = PBXBuildFile; fileRef = 847DBEDA2BF944F000869E39 /* SceneDelegate.swift */; };
		847DBEDD2BF944F000869E39 /* MoviesViewController.swift in Sources */ = {isa = PBXBuildFile; fileRef = 847DBEDC2BF944F000869E39 /* MoviesViewController.swift */; };
		847DBEE02BF944F000869E39 /* Base in Resources */ = {isa = PBXBuildFile; fileRef = 847DBEDF2BF944F000869E39 /* Base */; };
		847DBEE22BF944F200869E39 /* Assets.xcassets in Resources */ = {isa = PBXBuildFile; fileRef = 847DBEE12BF944F200869E39 /* Assets.xcassets */; };
		847DBEE52BF944F200869E39 /* Base in Resources */ = {isa = PBXBuildFile; fileRef = 847DBEE42BF944F200869E39 /* Base */; };
		847DBEF02BF944F300869E39 /* Movie_PlayerTests.swift in Sources */ = {isa = PBXBuildFile; fileRef = 847DBEEF2BF944F300869E39 /* Movie_PlayerTests.swift */; };
		847DBEFA2BF944F300869E39 /* Movie_PlayerUITests.swift in Sources */ = {isa = PBXBuildFile; fileRef = 847DBEF92BF944F300869E39 /* Movie_PlayerUITests.swift */; };
		847DBEFC2BF944F300869E39 /* Movie_PlayerUITestsLaunchTests.swift in Sources */ = {isa = PBXBuildFile; fileRef = 847DBEFB2BF944F300869E39 /* Movie_PlayerUITestsLaunchTests.swift */; };
		84A67C1D2BF9870A00BAC3FF /* FilterMovieViewController.swift in Sources */ = {isa = PBXBuildFile; fileRef = 84A67C1C2BF9870A00BAC3FF /* FilterMovieViewController.swift */; };
		84A67C1F2BFA37D100BAC3FF /* ResponseMovieModel.swift in Sources */ = {isa = PBXBuildFile; fileRef = 84A67C1E2BFA37D100BAC3FF /* ResponseMovieModel.swift */; };
		84A67C212BFA3F3F00BAC3FF /* MovieDataService.swift in Sources */ = {isa = PBXBuildFile; fileRef = 84A67C202BFA3F3F00BAC3FF /* MovieDataService.swift */; };
		84A67C232BFA5C9400BAC3FF /* MoviesCell.swift in Sources */ = {isa = PBXBuildFile; fileRef = 84A67C222BFA5C9400BAC3FF /* MoviesCell.swift */; };
		97B2407511817AE5E92499C5 /* Pods_Movie_Player_Movie_PlayerUITests.framework in Frameworks */ = {isa = PBXBuildFile; fileRef = 8D4482929B241631F2C8FB33 /* Pods_Movie_Player_Movie_PlayerUITests.framework */; };
/* End PBXBuildFile section */

/* Begin PBXContainerItemProxy section */
		847DBEEC2BF944F300869E39 /* PBXContainerItemProxy */ = {
			isa = PBXContainerItemProxy;
			containerPortal = 847DBECD2BF944F000869E39 /* Project object */;
			proxyType = 1;
			remoteGlobalIDString = 847DBED42BF944F000869E39;
			remoteInfo = "Movie Player";
		};
		847DBEF62BF944F300869E39 /* PBXContainerItemProxy */ = {
			isa = PBXContainerItemProxy;
			containerPortal = 847DBECD2BF944F000869E39 /* Project object */;
			proxyType = 1;
			remoteGlobalIDString = 847DBED42BF944F000869E39;
			remoteInfo = "Movie Player";
		};
/* End PBXContainerItemProxy section */

/* Begin PBXFileReference section */
		192209969241E36F36E60E15 /* Pods-Movie Player.debug.xcconfig */ = {isa = PBXFileReference; includeInIndex = 1; lastKnownFileType = text.xcconfig; name = "Pods-Movie Player.debug.xcconfig"; path = "Target Support Files/Pods-Movie Player/Pods-Movie Player.debug.xcconfig"; sourceTree = "<group>"; };
		1970AA5DF03F5A7E16840B47 /* Pods-Movie Player-Movie PlayerUITests.release.xcconfig */ = {isa = PBXFileReference; includeInIndex = 1; lastKnownFileType = text.xcconfig; name = "Pods-Movie Player-Movie PlayerUITests.release.xcconfig"; path = "Target Support Files/Pods-Movie Player-Movie PlayerUITests/Pods-Movie Player-Movie PlayerUITests.release.xcconfig"; sourceTree = "<group>"; };
		52B7CD6119F089A84E80CD23 /* Pods-Movie PlayerTests.release.xcconfig */ = {isa = PBXFileReference; includeInIndex = 1; lastKnownFileType = text.xcconfig; name = "Pods-Movie PlayerTests.release.xcconfig"; path = "Target Support Files/Pods-Movie PlayerTests/Pods-Movie PlayerTests.release.xcconfig"; sourceTree = "<group>"; };
		59686A1D26B99AE3B35AFCD8 /* Pods-Movie Player-Movie PlayerUITests.debug.xcconfig */ = {isa = PBXFileReference; includeInIndex = 1; lastKnownFileType = text.xcconfig; name = "Pods-Movie Player-Movie PlayerUITests.debug.xcconfig"; path = "Target Support Files/Pods-Movie Player-Movie PlayerUITests/Pods-Movie Player-Movie PlayerUITests.debug.xcconfig"; sourceTree = "<group>"; };
		7EDB4CD330B31C78B4F14EFD /* Pods_Movie_PlayerTests.framework */ = {isa = PBXFileReference; explicitFileType = wrapper.framework; includeInIndex = 0; path = Pods_Movie_PlayerTests.framework; sourceTree = BUILT_PRODUCTS_DIR; };
		847DBED52BF944F000869E39 /* Movie Player.app */ = {isa = PBXFileReference; explicitFileType = wrapper.application; includeInIndex = 0; path = "Movie Player.app"; sourceTree = BUILT_PRODUCTS_DIR; };
		847DBED82BF944F000869E39 /* AppDelegate.swift */ = {isa = PBXFileReference; lastKnownFileType = sourcecode.swift; path = AppDelegate.swift; sourceTree = "<group>"; };
		847DBEDA2BF944F000869E39 /* SceneDelegate.swift */ = {isa = PBXFileReference; lastKnownFileType = sourcecode.swift; path = SceneDelegate.swift; sourceTree = "<group>"; };
		847DBEDC2BF944F000869E39 /* MoviesViewController.swift */ = {isa = PBXFileReference; lastKnownFileType = sourcecode.swift; path = MoviesViewController.swift; sourceTree = "<group>"; };
		847DBEDF2BF944F000869E39 /* Base */ = {isa = PBXFileReference; lastKnownFileType = file.storyboard; name = Base; path = Base.lproj/Main.storyboard; sourceTree = "<group>"; };
		847DBEE12BF944F200869E39 /* Assets.xcassets */ = {isa = PBXFileReference; lastKnownFileType = folder.assetcatalog; path = Assets.xcassets; sourceTree = "<group>"; };
		847DBEE42BF944F200869E39 /* Base */ = {isa = PBXFileReference; lastKnownFileType = file.storyboard; name = Base; path = Base.lproj/LaunchScreen.storyboard; sourceTree = "<group>"; };
		847DBEE62BF944F200869E39 /* Info.plist */ = {isa = PBXFileReference; lastKnownFileType = text.plist.xml; path = Info.plist; sourceTree = "<group>"; };
		847DBEEB2BF944F300869E39 /* Movie PlayerTests.xctest */ = {isa = PBXFileReference; explicitFileType = wrapper.cfbundle; includeInIndex = 0; path = "Movie PlayerTests.xctest"; sourceTree = BUILT_PRODUCTS_DIR; };
		847DBEEF2BF944F300869E39 /* Movie_PlayerTests.swift */ = {isa = PBXFileReference; lastKnownFileType = sourcecode.swift; path = Movie_PlayerTests.swift; sourceTree = "<group>"; };
		847DBEF52BF944F300869E39 /* Movie PlayerUITests.xctest */ = {isa = PBXFileReference; explicitFileType = wrapper.cfbundle; includeInIndex = 0; path = "Movie PlayerUITests.xctest"; sourceTree = BUILT_PRODUCTS_DIR; };
		847DBEF92BF944F300869E39 /* Movie_PlayerUITests.swift */ = {isa = PBXFileReference; lastKnownFileType = sourcecode.swift; path = Movie_PlayerUITests.swift; sourceTree = "<group>"; };
		847DBEFB2BF944F300869E39 /* Movie_PlayerUITestsLaunchTests.swift */ = {isa = PBXFileReference; lastKnownFileType = sourcecode.swift; path = Movie_PlayerUITestsLaunchTests.swift; sourceTree = "<group>"; };
		84A67C1C2BF9870A00BAC3FF /* FilterMovieViewController.swift */ = {isa = PBXFileReference; lastKnownFileType = sourcecode.swift; path = FilterMovieViewController.swift; sourceTree = "<group>"; };
		84A67C1E2BFA37D100BAC3FF /* ResponseMovieModel.swift */ = {isa = PBXFileReference; lastKnownFileType = sourcecode.swift; path = ResponseMovieModel.swift; sourceTree = "<group>"; };
		84A67C202BFA3F3F00BAC3FF /* MovieDataService.swift */ = {isa = PBXFileReference; lastKnownFileType = sourcecode.swift; path = MovieDataService.swift; sourceTree = "<group>"; };
		84A67C222BFA5C9400BAC3FF /* MoviesCell.swift */ = {isa = PBXFileReference; lastKnownFileType = sourcecode.swift; path = MoviesCell.swift; sourceTree = "<group>"; };
		8D4482929B241631F2C8FB33 /* Pods_Movie_Player_Movie_PlayerUITests.framework */ = {isa = PBXFileReference; explicitFileType = wrapper.framework; includeInIndex = 0; path = Pods_Movie_Player_Movie_PlayerUITests.framework; sourceTree = BUILT_PRODUCTS_DIR; };
		ADD51AAE47D8B9C2B8ADA467 /* Pods-Movie PlayerTests.debug.xcconfig */ = {isa = PBXFileReference; includeInIndex = 1; lastKnownFileType = text.xcconfig; name = "Pods-Movie PlayerTests.debug.xcconfig"; path = "Target Support Files/Pods-Movie PlayerTests/Pods-Movie PlayerTests.debug.xcconfig"; sourceTree = "<group>"; };
		EDB7362F15D587005337FCCC /* Pods-Movie Player.release.xcconfig */ = {isa = PBXFileReference; includeInIndex = 1; lastKnownFileType = text.xcconfig; name = "Pods-Movie Player.release.xcconfig"; path = "Target Support Files/Pods-Movie Player/Pods-Movie Player.release.xcconfig"; sourceTree = "<group>"; };
		F863C1052ABAAE41B0E8D37A /* Pods_Movie_Player.framework */ = {isa = PBXFileReference; explicitFileType = wrapper.framework; includeInIndex = 0; path = Pods_Movie_Player.framework; sourceTree = BUILT_PRODUCTS_DIR; };
/* End PBXFileReference section */

/* Begin PBXFrameworksBuildPhase section */
		847DBED22BF944F000869E39 /* Frameworks */ = {
			isa = PBXFrameworksBuildPhase;
			buildActionMask = 2147483647;
			files = (
				13A16A7D04639640F405D2B9 /* Pods_Movie_Player.framework in Frameworks */,
			);
			runOnlyForDeploymentPostprocessing = 0;
		};
		847DBEE82BF944F300869E39 /* Frameworks */ = {
			isa = PBXFrameworksBuildPhase;
			buildActionMask = 2147483647;
			files = (
				60EBE61B24DDBF8CD8B8AB19 /* Pods_Movie_PlayerTests.framework in Frameworks */,
			);
			runOnlyForDeploymentPostprocessing = 0;
		};
		847DBEF22BF944F300869E39 /* Frameworks */ = {
			isa = PBXFrameworksBuildPhase;
			buildActionMask = 2147483647;
			files = (
				97B2407511817AE5E92499C5 /* Pods_Movie_Player_Movie_PlayerUITests.framework in Frameworks */,
			);
			runOnlyForDeploymentPostprocessing = 0;
		};
/* End PBXFrameworksBuildPhase section */

/* Begin PBXGroup section */
		00ABFCC0C32F7130019E9110 /* Pods */ = {
			isa = PBXGroup;
			children = (
				192209969241E36F36E60E15 /* Pods-Movie Player.debug.xcconfig */,
				EDB7362F15D587005337FCCC /* Pods-Movie Player.release.xcconfig */,
				59686A1D26B99AE3B35AFCD8 /* Pods-Movie Player-Movie PlayerUITests.debug.xcconfig */,
				1970AA5DF03F5A7E16840B47 /* Pods-Movie Player-Movie PlayerUITests.release.xcconfig */,
				ADD51AAE47D8B9C2B8ADA467 /* Pods-Movie PlayerTests.debug.xcconfig */,
				52B7CD6119F089A84E80CD23 /* Pods-Movie PlayerTests.release.xcconfig */,
			);
			path = Pods;
			sourceTree = "<group>";
		};
		5A5786320BD5B4500362581C /* Frameworks */ = {
			isa = PBXGroup;
			children = (
				F863C1052ABAAE41B0E8D37A /* Pods_Movie_Player.framework */,
				8D4482929B241631F2C8FB33 /* Pods_Movie_Player_Movie_PlayerUITests.framework */,
				7EDB4CD330B31C78B4F14EFD /* Pods_Movie_PlayerTests.framework */,
			);
			name = Frameworks;
			sourceTree = "<group>";
		};
		847DBECC2BF944F000869E39 = {
			isa = PBXGroup;
			children = (
				847DBED72BF944F000869E39 /* Movie Player */,
				847DBEEE2BF944F300869E39 /* Movie PlayerTests */,
				847DBEF82BF944F300869E39 /* Movie PlayerUITests */,
				847DBED62BF944F000869E39 /* Products */,
				00ABFCC0C32F7130019E9110 /* Pods */,
				5A5786320BD5B4500362581C /* Frameworks */,
			);
			sourceTree = "<group>";
		};
		847DBED62BF944F000869E39 /* Products */ = {
			isa = PBXGroup;
			children = (
				847DBED52BF944F000869E39 /* Movie Player.app */,
				847DBEEB2BF944F300869E39 /* Movie PlayerTests.xctest */,
				847DBEF52BF944F300869E39 /* Movie PlayerUITests.xctest */,
			);
			name = Products;
			sourceTree = "<group>";
		};
		847DBED72BF944F000869E39 /* Movie Player */ = {
			isa = PBXGroup;
			children = (
				847DBED82BF944F000869E39 /* AppDelegate.swift */,
				847DBEDA2BF944F000869E39 /* SceneDelegate.swift */,
				84A67C1E2BFA37D100BAC3FF /* ResponseMovieModel.swift */,
				84A67C222BFA5C9400BAC3FF /* MoviesCell.swift */,
				847DBEDC2BF944F000869E39 /* MoviesViewController.swift */,
				84A67C202BFA3F3F00BAC3FF /* MovieDataService.swift */,
				84A67C1C2BF9870A00BAC3FF /* FilterMovieViewController.swift */,
				847DBEDE2BF944F000869E39 /* Main.storyboard */,
				847DBEE12BF944F200869E39 /* Assets.xcassets */,
				847DBEE32BF944F200869E39 /* LaunchScreen.storyboard */,
				847DBEE62BF944F200869E39 /* Info.plist */,
			);
			path = "Movie Player";
			sourceTree = "<group>";
		};
		847DBEEE2BF944F300869E39 /* Movie PlayerTests */ = {
			isa = PBXGroup;
			children = (
				847DBEEF2BF944F300869E39 /* Movie_PlayerTests.swift */,
			);
			path = "Movie PlayerTests";
			sourceTree = "<group>";
		};
		847DBEF82BF944F300869E39 /* Movie PlayerUITests */ = {
			isa = PBXGroup;
			children = (
				847DBEF92BF944F300869E39 /* Movie_PlayerUITests.swift */,
				847DBEFB2BF944F300869E39 /* Movie_PlayerUITestsLaunchTests.swift */,
			);
			path = "Movie PlayerUITests";
			sourceTree = "<group>";
		};
/* End PBXGroup section */

/* Begin PBXNativeTarget section */
		847DBED42BF944F000869E39 /* Movie Player */ = {
			isa = PBXNativeTarget;
			buildConfigurationList = 847DBEFF2BF944F300869E39 /* Build configuration list for PBXNativeTarget "Movie Player" */;
			buildPhases = (
				8A0AB44634178CD43900E12C /* [CP] Check Pods Manifest.lock */,
				847DBED12BF944F000869E39 /* Sources */,
				847DBED22BF944F000869E39 /* Frameworks */,
				847DBED32BF944F000869E39 /* Resources */,
				A926BBCCFFAC6D77E3684CD7 /* [CP] Embed Pods Frameworks */,
			);
			buildRules = (
			);
			dependencies = (
			);
			name = "Movie Player";
			productName = "Movie Player";
			productReference = 847DBED52BF944F000869E39 /* Movie Player.app */;
			productType = "com.apple.product-type.application";
		};
		847DBEEA2BF944F300869E39 /* Movie PlayerTests */ = {
			isa = PBXNativeTarget;
			buildConfigurationList = 847DBF022BF944F300869E39 /* Build configuration list for PBXNativeTarget "Movie PlayerTests" */;
			buildPhases = (
				1027AC837F06ADD48EC939EC /* [CP] Check Pods Manifest.lock */,
				847DBEE72BF944F300869E39 /* Sources */,
				847DBEE82BF944F300869E39 /* Frameworks */,
				847DBEE92BF944F300869E39 /* Resources */,
			);
			buildRules = (
			);
			dependencies = (
				847DBEED2BF944F300869E39 /* PBXTargetDependency */,
			);
			name = "Movie PlayerTests";
			productName = "Movie PlayerTests";
			productReference = 847DBEEB2BF944F300869E39 /* Movie PlayerTests.xctest */;
			productType = "com.apple.product-type.bundle.unit-test";
		};
		847DBEF42BF944F300869E39 /* Movie PlayerUITests */ = {
			isa = PBXNativeTarget;
			buildConfigurationList = 847DBF052BF944F300869E39 /* Build configuration list for PBXNativeTarget "Movie PlayerUITests" */;
			buildPhases = (
				A8DE948BB5BD040C23B0CC29 /* [CP] Check Pods Manifest.lock */,
				847DBEF12BF944F300869E39 /* Sources */,
				847DBEF22BF944F300869E39 /* Frameworks */,
				847DBEF32BF944F300869E39 /* Resources */,
				B464C58489357D7D0A251AB8 /* [CP] Embed Pods Frameworks */,
			);
			buildRules = (
			);
			dependencies = (
				847DBEF72BF944F300869E39 /* PBXTargetDependency */,
			);
			name = "Movie PlayerUITests";
			productName = "Movie PlayerUITests";
			productReference = 847DBEF52BF944F300869E39 /* Movie PlayerUITests.xctest */;
			productType = "com.apple.product-type.bundle.ui-testing";
		};
/* End PBXNativeTarget section */

/* Begin PBXProject section */
		847DBECD2BF944F000869E39 /* Project object */ = {
			isa = PBXProject;
			attributes = {
				BuildIndependentTargetsInParallel = 1;
				LastSwiftUpdateCheck = 1530;
				LastUpgradeCheck = 1530;
				TargetAttributes = {
					847DBED42BF944F000869E39 = {
						CreatedOnToolsVersion = 15.3;
					};
					847DBEEA2BF944F300869E39 = {
						CreatedOnToolsVersion = 15.3;
						TestTargetID = 847DBED42BF944F000869E39;
					};
					847DBEF42BF944F300869E39 = {
						CreatedOnToolsVersion = 15.3;
						TestTargetID = 847DBED42BF944F000869E39;
					};
				};
			};
			buildConfigurationList = 847DBED02BF944F000869E39 /* Build configuration list for PBXProject "Movie Player" */;
			compatibilityVersion = "Xcode 14.0";
			developmentRegion = en;
			hasScannedForEncodings = 0;
			knownRegions = (
				en,
				Base,
			);
			mainGroup = 847DBECC2BF944F000869E39;
			productRefGroup = 847DBED62BF944F000869E39 /* Products */;
			projectDirPath = "";
			projectRoot = "";
			targets = (
				847DBED42BF944F000869E39 /* Movie Player */,
				847DBEEA2BF944F300869E39 /* Movie PlayerTests */,
				847DBEF42BF944F300869E39 /* Movie PlayerUITests */,
			);
		};
/* End PBXProject section */

/* Begin PBXResourcesBuildPhase section */
		847DBED32BF944F000869E39 /* Resources */ = {
			isa = PBXResourcesBuildPhase;
			buildActionMask = 2147483647;
			files = (
				847DBEE22BF944F200869E39 /* Assets.xcassets in Resources */,
				847DBEE52BF944F200869E39 /* Base in Resources */,
				847DBEE02BF944F000869E39 /* Base in Resources */,
			);
			runOnlyForDeploymentPostprocessing = 0;
		};
		847DBEE92BF944F300869E39 /* Resources */ = {
			isa = PBXResourcesBuildPhase;
			buildActionMask = 2147483647;
			files = (
			);
			runOnlyForDeploymentPostprocessing = 0;
		};
		847DBEF32BF944F300869E39 /* Resources */ = {
			isa = PBXResourcesBuildPhase;
			buildActionMask = 2147483647;
			files = (
			);
			runOnlyForDeploymentPostprocessing = 0;
		};
/* End PBXResourcesBuildPhase section */

/* Begin PBXShellScriptBuildPhase section */
		1027AC837F06ADD48EC939EC /* [CP] Check Pods Manifest.lock */ = {
			isa = PBXShellScriptBuildPhase;
			buildActionMask = 2147483647;
			files = (
			);
			inputFileListPaths = (
			);
			inputPaths = (
				"${PODS_PODFILE_DIR_PATH}/Podfile.lock",
				"${PODS_ROOT}/Manifest.lock",
			);
			name = "[CP] Check Pods Manifest.lock";
			outputFileListPaths = (
			);
			outputPaths = (
				"$(DERIVED_FILE_DIR)/Pods-Movie PlayerTests-checkManifestLockResult.txt",
			);
			runOnlyForDeploymentPostprocessing = 0;
			shellPath = /bin/sh;
			shellScript = "diff \"${PODS_PODFILE_DIR_PATH}/Podfile.lock\" \"${PODS_ROOT}/Manifest.lock\" > /dev/null\nif [ $? != 0 ] ; then\n    # print error to STDERR\n    echo \"error: The sandbox is not in sync with the Podfile.lock. Run 'pod install' or update your CocoaPods installation.\" >&2\n    exit 1\nfi\n# This output is used by Xcode 'outputs' to avoid re-running this script phase.\necho \"SUCCESS\" > \"${SCRIPT_OUTPUT_FILE_0}\"\n";
			showEnvVarsInLog = 0;
		};
		8A0AB44634178CD43900E12C /* [CP] Check Pods Manifest.lock */ = {
			isa = PBXShellScriptBuildPhase;
			buildActionMask = 2147483647;
			files = (
			);
			inputFileListPaths = (
			);
			inputPaths = (
				"${PODS_PODFILE_DIR_PATH}/Podfile.lock",
				"${PODS_ROOT}/Manifest.lock",
			);
			name = "[CP] Check Pods Manifest.lock";
			outputFileListPaths = (
			);
			outputPaths = (
				"$(DERIVED_FILE_DIR)/Pods-Movie Player-checkManifestLockResult.txt",
			);
			runOnlyForDeploymentPostprocessing = 0;
			shellPath = /bin/sh;
			shellScript = "diff \"${PODS_PODFILE_DIR_PATH}/Podfile.lock\" \"${PODS_ROOT}/Manifest.lock\" > /dev/null\nif [ $? != 0 ] ; then\n    # print error to STDERR\n    echo \"error: The sandbox is not in sync with the Podfile.lock. Run 'pod install' or update your CocoaPods installation.\" >&2\n    exit 1\nfi\n# This output is used by Xcode 'outputs' to avoid re-running this script phase.\necho \"SUCCESS\" > \"${SCRIPT_OUTPUT_FILE_0}\"\n";
			showEnvVarsInLog = 0;
		};
		A8DE948BB5BD040C23B0CC29 /* [CP] Check Pods Manifest.lock */ = {
			isa = PBXShellScriptBuildPhase;
			buildActionMask = 2147483647;
			files = (
			);
			inputFileListPaths = (
			);
			inputPaths = (
				"${PODS_PODFILE_DIR_PATH}/Podfile.lock",
				"${PODS_ROOT}/Manifest.lock",
			);
			name = "[CP] Check Pods Manifest.lock";
			outputFileListPaths = (
			);
			outputPaths = (
				"$(DERIVED_FILE_DIR)/Pods-Movie Player-Movie PlayerUITests-checkManifestLockResult.txt",
			);
			runOnlyForDeploymentPostprocessing = 0;
			shellPath = /bin/sh;
			shellScript = "diff \"${PODS_PODFILE_DIR_PATH}/Podfile.lock\" \"${PODS_ROOT}/Manifest.lock\" > /dev/null\nif [ $? != 0 ] ; then\n    # print error to STDERR\n    echo \"error: The sandbox is not in sync with the Podfile.lock. Run 'pod install' or update your CocoaPods installation.\" >&2\n    exit 1\nfi\n# This output is used by Xcode 'outputs' to avoid re-running this script phase.\necho \"SUCCESS\" > \"${SCRIPT_OUTPUT_FILE_0}\"\n";
			showEnvVarsInLog = 0;
		};
		A926BBCCFFAC6D77E3684CD7 /* [CP] Embed Pods Frameworks */ = {
			isa = PBXShellScriptBuildPhase;
			buildActionMask = 2147483647;
			files = (
			);
			inputFileListPaths = (
				"${PODS_ROOT}/Target Support Files/Pods-Movie Player/Pods-Movie Player-frameworks-${CONFIGURATION}-input-files.xcfilelist",
			);
			name = "[CP] Embed Pods Frameworks";
			outputFileListPaths = (
				"${PODS_ROOT}/Target Support Files/Pods-Movie Player/Pods-Movie Player-frameworks-${CONFIGURATION}-output-files.xcfilelist",
			);
			runOnlyForDeploymentPostprocessing = 0;
			shellPath = /bin/sh;
			shellScript = "\"${PODS_ROOT}/Target Support Files/Pods-Movie Player/Pods-Movie Player-frameworks.sh\"\n";
			showEnvVarsInLog = 0;
		};
		B464C58489357D7D0A251AB8 /* [CP] Embed Pods Frameworks */ = {
			isa = PBXShellScriptBuildPhase;
			buildActionMask = 2147483647;
			files = (
			);
			inputFileListPaths = (
				"${PODS_ROOT}/Target Support Files/Pods-Movie Player-Movie PlayerUITests/Pods-Movie Player-Movie PlayerUITests-frameworks-${CONFIGURATION}-input-files.xcfilelist",
			);
			name = "[CP] Embed Pods Frameworks";
			outputFileListPaths = (
				"${PODS_ROOT}/Target Support Files/Pods-Movie Player-Movie PlayerUITests/Pods-Movie Player-Movie PlayerUITests-frameworks-${CONFIGURATION}-output-files.xcfilelist",
			);
			runOnlyForDeploymentPostprocessing = 0;
			shellPath = /bin/sh;
			shellScript = "\"${PODS_ROOT}/Target Support Files/Pods-Movie Player-Movie PlayerUITests/Pods-Movie Player-Movie PlayerUITests-frameworks.sh\"\n";
			showEnvVarsInLog = 0;
		};
/* End PBXShellScriptBuildPhase section */

/* Begin PBXSourcesBuildPhase section */
		847DBED12BF944F000869E39 /* Sources */ = {
			isa = PBXSourcesBuildPhase;
			buildActionMask = 2147483647;
			files = (
				84A67C212BFA3F3F00BAC3FF /* MovieDataService.swift in Sources */,
				847DBEDD2BF944F000869E39 /* MoviesViewController.swift in Sources */,
				84A67C1F2BFA37D100BAC3FF /* ResponseMovieModel.swift in Sources */,
				847DBED92BF944F000869E39 /* AppDelegate.swift in Sources */,
				84A67C232BFA5C9400BAC3FF /* MoviesCell.swift in Sources */,
				847DBEDB2BF944F000869E39 /* SceneDelegate.swift in Sources */,
				84A67C1D2BF9870A00BAC3FF /* FilterMovieViewController.swift in Sources */,
			);
			runOnlyForDeploymentPostprocessing = 0;
		};
		847DBEE72BF944F300869E39 /* Sources */ = {
			isa = PBXSourcesBuildPhase;
			buildActionMask = 2147483647;
			files = (
				847DBEF02BF944F300869E39 /* Movie_PlayerTests.swift in Sources */,
			);
			runOnlyForDeploymentPostprocessing = 0;
		};
		847DBEF12BF944F300869E39 /* Sources */ = {
			isa = PBXSourcesBuildPhase;
			buildActionMask = 2147483647;
			files = (
				847DBEFC2BF944F300869E39 /* Movie_PlayerUITestsLaunchTests.swift in Sources */,
				847DBEFA2BF944F300869E39 /* Movie_PlayerUITests.swift in Sources */,
			);
			runOnlyForDeploymentPostprocessing = 0;
		};
/* End PBXSourcesBuildPhase section */

/* Begin PBXTargetDependency section */
		847DBEED2BF944F300869E39 /* PBXTargetDependency */ = {
			isa = PBXTargetDependency;
			target = 847DBED42BF944F000869E39 /* Movie Player */;
			targetProxy = 847DBEEC2BF944F300869E39 /* PBXContainerItemProxy */;
		};
		847DBEF72BF944F300869E39 /* PBXTargetDependency */ = {
			isa = PBXTargetDependency;
			target = 847DBED42BF944F000869E39 /* Movie Player */;
			targetProxy = 847DBEF62BF944F300869E39 /* PBXContainerItemProxy */;
		};
/* End PBXTargetDependency section */

/* Begin PBXVariantGroup section */
		847DBEDE2BF944F000869E39 /* Main.storyboard */ = {
			isa = PBXVariantGroup;
			children = (
				847DBEDF2BF944F000869E39 /* Base */,
			);
			name = Main.storyboard;
			sourceTree = "<group>";
		};
		847DBEE32BF944F200869E39 /* LaunchScreen.storyboard */ = {
			isa = PBXVariantGroup;
			children = (
				847DBEE42BF944F200869E39 /* Base */,
			);
			name = LaunchScreen.storyboard;
			sourceTree = "<group>";
		};
/* End PBXVariantGroup section */

/* Begin XCBuildConfiguration section */
		847DBEFD2BF944F300869E39 /* Debug */ = {
			isa = XCBuildConfiguration;
			buildSettings = {
				ALWAYS_SEARCH_USER_PATHS = NO;
				ASSETCATALOG_COMPILER_GENERATE_SWIFT_ASSET_SYMBOL_EXTENSIONS = YES;
				CLANG_ANALYZER_NONNULL = YES;
				CLANG_ANALYZER_NUMBER_OBJECT_CONVERSION = YES_AGGRESSIVE;
				CLANG_CXX_LANGUAGE_STANDARD = "gnu++20";
				CLANG_ENABLE_MODULES = YES;
				CLANG_ENABLE_OBJC_ARC = YES;
				CLANG_ENABLE_OBJC_WEAK = YES;
				CLANG_WARN_BLOCK_CAPTURE_AUTORELEASING = YES;
				CLANG_WARN_BOOL_CONVERSION = YES;
				CLANG_WARN_COMMA = YES;
				CLANG_WARN_CONSTANT_CONVERSION = YES;
				CLANG_WARN_DEPRECATED_OBJC_IMPLEMENTATIONS = YES;
				CLANG_WARN_DIRECT_OBJC_ISA_USAGE = YES_ERROR;
				CLANG_WARN_DOCUMENTATION_COMMENTS = YES;
				CLANG_WARN_EMPTY_BODY = YES;
				CLANG_WARN_ENUM_CONVERSION = YES;
				CLANG_WARN_INFINITE_RECURSION = YES;
				CLANG_WARN_INT_CONVERSION = YES;
				CLANG_WARN_NON_LITERAL_NULL_CONVERSION = YES;
				CLANG_WARN_OBJC_IMPLICIT_RETAIN_SELF = YES;
				CLANG_WARN_OBJC_LITERAL_CONVERSION = YES;
				CLANG_WARN_OBJC_ROOT_CLASS = YES_ERROR;
				CLANG_WARN_QUOTED_INCLUDE_IN_FRAMEWORK_HEADER = YES;
				CLANG_WARN_RANGE_LOOP_ANALYSIS = YES;
				CLANG_WARN_STRICT_PROTOTYPES = YES;
				CLANG_WARN_SUSPICIOUS_MOVE = YES;
				CLANG_WARN_UNGUARDED_AVAILABILITY = YES_AGGRESSIVE;
				CLANG_WARN_UNREACHABLE_CODE = YES;
				CLANG_WARN__DUPLICATE_METHOD_MATCH = YES;
				COPY_PHASE_STRIP = NO;
				DEBUG_INFORMATION_FORMAT = dwarf;
				ENABLE_STRICT_OBJC_MSGSEND = YES;
				ENABLE_TESTABILITY = YES;
				ENABLE_USER_SCRIPT_SANDBOXING = YES;
				GCC_C_LANGUAGE_STANDARD = gnu17;
				GCC_DYNAMIC_NO_PIC = NO;
				GCC_NO_COMMON_BLOCKS = YES;
				GCC_OPTIMIZATION_LEVEL = 0;
				GCC_PREPROCESSOR_DEFINITIONS = (
					"DEBUG=1",
					"$(inherited)",
				);
				GCC_WARN_64_TO_32_BIT_CONVERSION = YES;
				GCC_WARN_ABOUT_RETURN_TYPE = YES_ERROR;
				GCC_WARN_UNDECLARED_SELECTOR = YES;
				GCC_WARN_UNINITIALIZED_AUTOS = YES_AGGRESSIVE;
				GCC_WARN_UNUSED_FUNCTION = YES;
				GCC_WARN_UNUSED_VARIABLE = YES;
				IPHONEOS_DEPLOYMENT_TARGET = 17.4;
				LOCALIZATION_PREFERS_STRING_CATALOGS = YES;
				MTL_ENABLE_DEBUG_INFO = INCLUDE_SOURCE;
				MTL_FAST_MATH = YES;
				ONLY_ACTIVE_ARCH = YES;
				SDKROOT = iphoneos;
				SWIFT_ACTIVE_COMPILATION_CONDITIONS = "DEBUG $(inherited)";
				SWIFT_OPTIMIZATION_LEVEL = "-Onone";
			};
			name = Debug;
		};
		847DBEFE2BF944F300869E39 /* Release */ = {
			isa = XCBuildConfiguration;
			buildSettings = {
				ALWAYS_SEARCH_USER_PATHS = NO;
				ASSETCATALOG_COMPILER_GENERATE_SWIFT_ASSET_SYMBOL_EXTENSIONS = YES;
				CLANG_ANALYZER_NONNULL = YES;
				CLANG_ANALYZER_NUMBER_OBJECT_CONVERSION = YES_AGGRESSIVE;
				CLANG_CXX_LANGUAGE_STANDARD = "gnu++20";
				CLANG_ENABLE_MODULES = YES;
				CLANG_ENABLE_OBJC_ARC = YES;
				CLANG_ENABLE_OBJC_WEAK = YES;
				CLANG_WARN_BLOCK_CAPTURE_AUTORELEASING = YES;
				CLANG_WARN_BOOL_CONVERSION = YES;
				CLANG_WARN_COMMA = YES;
				CLANG_WARN_CONSTANT_CONVERSION = YES;
				CLANG_WARN_DEPRECATED_OBJC_IMPLEMENTATIONS = YES;
				CLANG_WARN_DIRECT_OBJC_ISA_USAGE = YES_ERROR;
				CLANG_WARN_DOCUMENTATION_COMMENTS = YES;
				CLANG_WARN_EMPTY_BODY = YES;
				CLANG_WARN_ENUM_CONVERSION = YES;
				CLANG_WARN_INFINITE_RECURSION = YES;
				CLANG_WARN_INT_CONVERSION = YES;
				CLANG_WARN_NON_LITERAL_NULL_CONVERSION = YES;
				CLANG_WARN_OBJC_IMPLICIT_RETAIN_SELF = YES;
				CLANG_WARN_OBJC_LITERAL_CONVERSION = YES;
				CLANG_WARN_OBJC_ROOT_CLASS = YES_ERROR;
				CLANG_WARN_QUOTED_INCLUDE_IN_FRAMEWORK_HEADER = YES;
				CLANG_WARN_RANGE_LOOP_ANALYSIS = YES;
				CLANG_WARN_STRICT_PROTOTYPES = YES;
				CLANG_WARN_SUSPICIOUS_MOVE = YES;
				CLANG_WARN_UNGUARDED_AVAILABILITY = YES_AGGRESSIVE;
				CLANG_WARN_UNREACHABLE_CODE = YES;
				CLANG_WARN__DUPLICATE_METHOD_MATCH = YES;
				COPY_PHASE_STRIP = NO;
				DEBUG_INFORMATION_FORMAT = "dwarf-with-dsym";
				ENABLE_NS_ASSERTIONS = NO;
				ENABLE_STRICT_OBJC_MSGSEND = YES;
				ENABLE_USER_SCRIPT_SANDBOXING = YES;
				GCC_C_LANGUAGE_STANDARD = gnu17;
				GCC_NO_COMMON_BLOCKS = YES;
				GCC_WARN_64_TO_32_BIT_CONVERSION = YES;
				GCC_WARN_ABOUT_RETURN_TYPE = YES_ERROR;
				GCC_WARN_UNDECLARED_SELECTOR = YES;
				GCC_WARN_UNINITIALIZED_AUTOS = YES_AGGRESSIVE;
				GCC_WARN_UNUSED_FUNCTION = YES;
				GCC_WARN_UNUSED_VARIABLE = YES;
				IPHONEOS_DEPLOYMENT_TARGET = 17.4;
				LOCALIZATION_PREFERS_STRING_CATALOGS = YES;
				MTL_ENABLE_DEBUG_INFO = NO;
				MTL_FAST_MATH = YES;
				SDKROOT = iphoneos;
				SWIFT_COMPILATION_MODE = wholemodule;
				VALIDATE_PRODUCT = YES;
			};
			name = Release;
		};
		847DBF002BF944F300869E39 /* Debug */ = {
			isa = XCBuildConfiguration;
			baseConfigurationReference = 192209969241E36F36E60E15 /* Pods-Movie Player.debug.xcconfig */;
			buildSettings = {
				ASSETCATALOG_COMPILER_APPICON_NAME = AppIcon;
				ASSETCATALOG_COMPILER_GLOBAL_ACCENT_COLOR_NAME = AccentColor;
				CODE_SIGN_STYLE = Automatic;
				CURRENT_PROJECT_VERSION = 1;
				DEVELOPMENT_TEAM = PPG7CVW2UC;
				ENABLE_USER_SCRIPT_SANDBOXING = NO;
				GENERATE_INFOPLIST_FILE = YES;
				INFOPLIST_FILE = "Movie Player/Info.plist";
				INFOPLIST_KEY_UIApplicationSupportsIndirectInputEvents = YES;
				INFOPLIST_KEY_UILaunchStoryboardName = LaunchScreen;
				INFOPLIST_KEY_UIMainStoryboardFile = Main;
				INFOPLIST_KEY_UISupportedInterfaceOrientations_iPad = "UIInterfaceOrientationPortrait UIInterfaceOrientationPortraitUpsideDown UIInterfaceOrientationLandscapeLeft UIInterfaceOrientationLandscapeRight";
				INFOPLIST_KEY_UISupportedInterfaceOrientations_iPhone = "UIInterfaceOrientationPortrait UIInterfaceOrientationLandscapeLeft UIInterfaceOrientationLandscapeRight";
				LD_RUNPATH_SEARCH_PATHS = (
					"$(inherited)",
					"@executable_path/Frameworks",
				);
				MARKETING_VERSION = 1.0;
				PRODUCT_BUNDLE_IDENTIFIER = "Faustino.Movie-Player";
				PRODUCT_NAME = "$(TARGET_NAME)";
				SWIFT_EMIT_LOC_STRINGS = YES;
				SWIFT_VERSION = 5.0;
				TARGETED_DEVICE_FAMILY = "1,2";
			};
			name = Debug;
		};
		847DBF012BF944F300869E39 /* Release */ = {
			isa = XCBuildConfiguration;
			baseConfigurationReference = EDB7362F15D587005337FCCC /* Pods-Movie Player.release.xcconfig */;
			buildSettings = {
				ASSETCATALOG_COMPILER_APPICON_NAME = AppIcon;
				ASSETCATALOG_COMPILER_GLOBAL_ACCENT_COLOR_NAME = AccentColor;
				CODE_SIGN_STYLE = Automatic;
				CURRENT_PROJECT_VERSION = 1;
				DEVELOPMENT_TEAM = PPG7CVW2UC;
				GENERATE_INFOPLIST_FILE = YES;
				INFOPLIST_FILE = "Movie Player/Info.plist";
				INFOPLIST_KEY_UIApplicationSupportsIndirectInputEvents = YES;
				INFOPLIST_KEY_UILaunchStoryboardName = LaunchScreen;
				INFOPLIST_KEY_UIMainStoryboardFile = Main;
				INFOPLIST_KEY_UISupportedInterfaceOrientations_iPad = "UIInterfaceOrientationPortrait UIInterfaceOrientationPortraitUpsideDown UIInterfaceOrientationLandscapeLeft UIInterfaceOrientationLandscapeRight";
				INFOPLIST_KEY_UISupportedInterfaceOrientations_iPhone = "UIInterfaceOrientationPortrait UIInterfaceOrientationLandscapeLeft UIInterfaceOrientationLandscapeRight";
				LD_RUNPATH_SEARCH_PATHS = (
					"$(inherited)",
					"@executable_path/Frameworks",
				);
				MARKETING_VERSION = 1.0;
				PRODUCT_BUNDLE_IDENTIFIER = "Faustino.Movie-Player";
				PRODUCT_NAME = "$(TARGET_NAME)";
				SWIFT_EMIT_LOC_STRINGS = YES;
				SWIFT_VERSION = 5.0;
				TARGETED_DEVICE_FAMILY = "1,2";
			};
			name = Release;
		};
		847DBF032BF944F300869E39 /* Debug */ = {
			isa = XCBuildConfiguration;
			baseConfigurationReference = ADD51AAE47D8B9C2B8ADA467 /* Pods-Movie PlayerTests.debug.xcconfig */;
			buildSettings = {
				ALWAYS_EMBED_SWIFT_STANDARD_LIBRARIES = YES;
				BUNDLE_LOADER = "$(TEST_HOST)";
				CODE_SIGN_STYLE = Automatic;
				CURRENT_PROJECT_VERSION = 1;
				DEVELOPMENT_TEAM = PPG7CVW2UC;
				GENERATE_INFOPLIST_FILE = YES;
				IPHONEOS_DEPLOYMENT_TARGET = 17.4;
				MARKETING_VERSION = 1.0;
				PRODUCT_BUNDLE_IDENTIFIER = "Faustino.Movie-PlayerTests";
				PRODUCT_NAME = "$(TARGET_NAME)";
				SWIFT_EMIT_LOC_STRINGS = NO;
				SWIFT_VERSION = 5.0;
				TARGETED_DEVICE_FAMILY = "1,2";
				TEST_HOST = "$(BUILT_PRODUCTS_DIR)/Movie Player.app/$(BUNDLE_EXECUTABLE_FOLDER_PATH)/Movie Player";
			};
			name = Debug;
		};
		847DBF042BF944F300869E39 /* Release */ = {
			isa = XCBuildConfiguration;
			baseConfigurationReference = 52B7CD6119F089A84E80CD23 /* Pods-Movie PlayerTests.release.xcconfig */;
			buildSettings = {
				ALWAYS_EMBED_SWIFT_STANDARD_LIBRARIES = YES;
				BUNDLE_LOADER = "$(TEST_HOST)";
				CODE_SIGN_STYLE = Automatic;
				CURRENT_PROJECT_VERSION = 1;
				DEVELOPMENT_TEAM = PPG7CVW2UC;
				GENERATE_INFOPLIST_FILE = YES;
				IPHONEOS_DEPLOYMENT_TARGET = 17.4;
				MARKETING_VERSION = 1.0;
				PRODUCT_BUNDLE_IDENTIFIER = "Faustino.Movie-PlayerTests";
				PRODUCT_NAME = "$(TARGET_NAME)";
				SWIFT_EMIT_LOC_STRINGS = NO;
				SWIFT_VERSION = 5.0;
				TARGETED_DEVICE_FAMILY = "1,2";
				TEST_HOST = "$(BUILT_PRODUCTS_DIR)/Movie Player.app/$(BUNDLE_EXECUTABLE_FOLDER_PATH)/Movie Player";
			};
			name = Release;
		};
		847DBF062BF944F300869E39 /* Debug */ = {
			isa = XCBuildConfiguration;
			baseConfigurationReference = 59686A1D26B99AE3B35AFCD8 /* Pods-Movie Player-Movie PlayerUITests.debug.xcconfig */;
			buildSettings = {
				ALWAYS_EMBED_SWIFT_STANDARD_LIBRARIES = YES;
				CODE_SIGN_STYLE = Automatic;
				CURRENT_PROJECT_VERSION = 1;
				DEVELOPMENT_TEAM = PPG7CVW2UC;
				GENERATE_INFOPLIST_FILE = YES;
				MARKETING_VERSION = 1.0;
				PRODUCT_BUNDLE_IDENTIFIER = "Faustino.Movie-PlayerUITests";
				PRODUCT_NAME = "$(TARGET_NAME)";
				SWIFT_EMIT_LOC_STRINGS = NO;
				SWIFT_VERSION = 5.0;
				TARGETED_DEVICE_FAMILY = "1,2";
				TEST_TARGET_NAME = "Movie Player";
			};
			name = Debug;
		};
		847DBF072BF944F300869E39 /* Release */ = {
			isa = XCBuildConfiguration;
			baseConfigurationReference = 1970AA5DF03F5A7E16840B47 /* Pods-Movie Player-Movie PlayerUITests.release.xcconfig */;
			buildSettings = {
				ALWAYS_EMBED_SWIFT_STANDARD_LIBRARIES = YES;
				CODE_SIGN_STYLE = Automatic;
				CURRENT_PROJECT_VERSION = 1;
				DEVELOPMENT_TEAM = PPG7CVW2UC;
				GENERATE_INFOPLIST_FILE = YES;
				MARKETING_VERSION = 1.0;
				PRODUCT_BUNDLE_IDENTIFIER = "Faustino.Movie-PlayerUITests";
				PRODUCT_NAME = "$(TARGET_NAME)";
				SWIFT_EMIT_LOC_STRINGS = NO;
				SWIFT_VERSION = 5.0;
				TARGETED_DEVICE_FAMILY = "1,2";
				TEST_TARGET_NAME = "Movie Player";
			};
			name = Release;
		};
/* End XCBuildConfiguration section */

/* Begin XCConfigurationList section */
		847DBED02BF944F000869E39 /* Build configuration list for PBXProject "Movie Player" */ = {
			isa = XCConfigurationList;
			buildConfigurations = (
				847DBEFD2BF944F300869E39 /* Debug */,
				847DBEFE2BF944F300869E39 /* Release */,
			);
			defaultConfigurationIsVisible = 0;
			defaultConfigurationName = Release;
		};
		847DBEFF2BF944F300869E39 /* Build configuration list for PBXNativeTarget "Movie Player" */ = {
			isa = XCConfigurationList;
			buildConfigurations = (
				847DBF002BF944F300869E39 /* Debug */,
				847DBF012BF944F300869E39 /* Release */,
			);
			defaultConfigurationIsVisible = 0;
			defaultConfigurationName = Release;
		};
		847DBF022BF944F300869E39 /* Build configuration list for PBXNativeTarget "Movie PlayerTests" */ = {
			isa = XCConfigurationList;
			buildConfigurations = (
				847DBF032BF944F300869E39 /* Debug */,
				847DBF042BF944F300869E39 /* Release */,
			);
			defaultConfigurationIsVisible = 0;
			defaultConfigurationName = Release;
		};
		847DBF052BF944F300869E39 /* Build configuration list for PBXNativeTarget "Movie PlayerUITests" */ = {
			isa = XCConfigurationList;
			buildConfigurations = (
				847DBF062BF944F300869E39 /* Debug */,
				847DBF072BF944F300869E39 /* Release */,
			);
			defaultConfigurationIsVisible = 0;
			defaultConfigurationName = Release;
		};
/* End XCConfigurationList section */
	};
	rootObject = 847DBECD2BF944F000869E39 /* Project object */;
}
